
Microsoft Visual Studio Solution File, Format Version 12.00
# Visual Studio Version 17
VisualStudioVersion = 17.4.33110.190
MinimumVisualStudioVersion = 10.0.40219.1
Project("{FAE04EC0-301F-11D3-BF4B-00C04F79EFBC}") = "FactoryDesignPattern", "FactoryDesignPattern\FactoryDesignPattern.csproj", "{C7214A25-D6BB-4A5F-A415-8608CEC30002}"
EndProject
Global
	GlobalSection(SolutionConfigurationPlatforms) = preSolution
		Debug|Any CPU = Debug|Any CPU
		Release|Any CPU = Release|Any CPU
	EndGlobalSection
	GlobalSection(ProjectConfigurationPlatforms) = postSolution
		{C7214A25-D6BB-4A5F-A415-8608CEC30002}.Debug|Any CPU.ActiveCfg = Debug|Any CPU
		{C7214A25-D6BB-4A5F-A415-8608CEC30002}.Debug|Any CPU.Build.0 = Debug|Any CPU
		{C7214A25-D6BB-4A5F-A415-8608CEC30002}.Release|Any CPU.ActiveCfg = Release|Any CPU
		{C7214A25-D6BB-4A5F-A415-8608CEC30002}.Release|Any CPU.Build.0 = Release|Any CPU
	EndGlobalSection
	GlobalSection(SolutionProperties) = preSolution
		HideSolutionNode = FALSE
	EndGlobalSection
	GlobalSection(ExtensibilityGlobals) = postSolution
		SolutionGuid = {16D72858-98D6-4191-99C9-D396E16ADA93}
	EndGlobalSection
EndGlobal
